// !$*UTF8*$!
{
	archiveVersion = 1;
	classes = {
	};
	objectVersion = 46;
	objects = {

/* Begin PBXBuildFile section */
		0304438FAA18F3FCA261742A /* EventKitUI.framework */ = {isa = PBXBuildFile; fileRef = 942B46C2AB3D65FC11E2ECA5 /* EventKitUI.framework */; };
		1A499EA91F0CD97F004E6AEC /* libicucore.A.tbd */ = {isa = PBXBuildFile; fileRef = 1A499EA81F0CD97F004E6AEC /* libicucore.A.tbd */; };
		1A499EB11F0CDCDD004E6AEC /* CFNetwork.framework */ = {isa = PBXBuildFile; fileRef = 1A499EB01F0CDCDD004E6AEC /* CFNetwork.framework */; };
		1A499EB31F0CDCE9004E6AEC /* libicucore.A.tbd */ = {isa = PBXBuildFile; fileRef = 1A499EB21F0CDCE9004E6AEC /* libicucore.A.tbd */; };
		1A67682A180E9C060076BC67 /* libcocos2d Mac.a */ = {isa = PBXBuildFile; fileRef = 1AC6FB48180E9ACB004C840B /* libcocos2d Mac.a */; };
		1A676839180E9C1E0076BC67 /* libcocos2d iOS.a */ = {isa = PBXBuildFile; fileRef = 1AC6FB56180E9ACB004C840B /* libcocos2d iOS.a */; };
		1A82F5FB169AC92500C4B13A /* libsqlite3.dylib */ = {isa = PBXBuildFile; fileRef = 1A82F5FA169AC92500C4B13A /* libsqlite3.dylib */; };
		1AC22EDE18CA0E11007112B9 /* project.json */ = {isa = PBXBuildFile; fileRef = 1A1A081B18C9DF05005C6854 /* project.json */; };
		1AD7E0A818C9DB93004817A6 /* main.js */ = {isa = PBXBuildFile; fileRef = 1A6BF21418C9DB5900FB0E1C /* main.js */; };
		1AD7E0A918C9DBE3004817A6 /* main.js */ = {isa = PBXBuildFile; fileRef = 1A6BF21418C9DB5900FB0E1C /* main.js */; };
		1AE159EC18C9DF3600FCA372 /* project.json */ = {isa = PBXBuildFile; fileRef = 1A1A081B18C9DF05005C6854 /* project.json */; };
		24344860B3A4614BD2610967 /* AdSupport.framework */ = {isa = PBXBuildFile; fileRef = 05054F6EA7C4CA79B1E8D986 /* AdSupport.framework */; };
		294D7D7C1D0D667B002CE7B7 /* CoreText.framework */ = {isa = PBXBuildFile; fileRef = 294D7D7B1D0D667B002CE7B7 /* CoreText.framework */; };
		39AC4603BA6A0DFB7213EED2 /* EventKit.framework */ = {isa = PBXBuildFile; fileRef = B7BF4453BF4CF849C426E91E /* EventKit.framework */; };
		4D697BDA1CBD301C00A5AF29 /* libjs_static.a */ = {isa = PBXBuildFile; fileRef = 4D697BD91CBD301C00A5AF29 /* libjs_static.a */; };
		4D697BDE1CBD303100A5AF29 /* libjs_static.a */ = {isa = PBXBuildFile; fileRef = 4D697BDC1CBD303100A5AF29 /* libjs_static.a */; };
		502380DC17EBB88200990C9B /* libcurl.dylib */ = {isa = PBXBuildFile; fileRef = 502380DB17EBB88200990C9B /* libcurl.dylib */; };
		5091731A17ECDF7A00D62437 /* Icon-29.png */ = {isa = PBXBuildFile; fileRef = 5091731417ECDF7A00D62437 /* Icon-29.png */; };
		5091731B17ECDF7A00D62437 /* Icon-40.png */ = {isa = PBXBuildFile; fileRef = 5091731517ECDF7A00D62437 /* Icon-40.png */; };
		5091731C17ECDF7A00D62437 /* Icon-50.png */ = {isa = PBXBuildFile; fileRef = 5091731617ECDF7A00D62437 /* Icon-50.png */; };
		5091731D17ECDF7A00D62437 /* Icon-58.png */ = {isa = PBXBuildFile; fileRef = 5091731717ECDF7A00D62437 /* Icon-58.png */; };
		5091731E17ECDF7A00D62437 /* Icon-80.png */ = {isa = PBXBuildFile; fileRef = 5091731817ECDF7A00D62437 /* Icon-80.png */; };
		5091731F17ECDF7A00D62437 /* Icon-100.png */ = {isa = PBXBuildFile; fileRef = 5091731917ECDF7A00D62437 /* Icon-100.png */; };
		509D4A8117EBB24E00697056 /* AppDelegate.cpp */ = {isa = PBXBuildFile; fileRef = D4545215156E28EF00887EB5 /* AppDelegate.cpp */; };
		509D4A8817EBB24E00697056 /* libsqlite3.dylib */ = {isa = PBXBuildFile; fileRef = 1A82F5FA169AC92500C4B13A /* libsqlite3.dylib */; };
		509D4A8917EBB24E00697056 /* libz.dylib */ = {isa = PBXBuildFile; fileRef = D454520B156E22BD00887EB5 /* libz.dylib */; };
		509D4A8A17EBB24E00697056 /* QuartzCore.framework */ = {isa = PBXBuildFile; fileRef = A92275411517C094001B78AA /* QuartzCore.framework */; };
		509D4A8C17EBB24E00697056 /* OpenAL.framework */ = {isa = PBXBuildFile; fileRef = A92275451517C094001B78AA /* OpenAL.framework */; };
		509D4A8D17EBB24E00697056 /* AudioToolbox.framework */ = {isa = PBXBuildFile; fileRef = A92275471517C094001B78AA /* AudioToolbox.framework */; };
		509D4A8E17EBB24E00697056 /* AVFoundation.framework */ = {isa = PBXBuildFile; fileRef = A92275491517C094001B78AA /* AVFoundation.framework */; };
		509D4A9017EBB24E00697056 /* Foundation.framework */ = {isa = PBXBuildFile; fileRef = A922754D1517C094001B78AA /* Foundation.framework */; };
		509D4A9117EBB24E00697056 /* CoreGraphics.framework */ = {isa = PBXBuildFile; fileRef = A922754F1517C094001B78AA /* CoreGraphics.framework */; };
		509D4ABC17EBB2AB00697056 /* AppController.mm */ = {isa = PBXBuildFile; fileRef = 509D4AAC17EBB2AB00697056 /* AppController.mm */; };
		509D4ABD17EBB2AB00697056 /* Default-568h@2x.png */ = {isa = PBXBuildFile; fileRef = 509D4AAD17EBB2AB00697056 /* Default-568h@2x.png */; };
		509D4ABE17EBB2AB00697056 /* Default.png */ = {isa = PBXBuildFile; fileRef = 509D4AAE17EBB2AB00697056 /* Default.png */; };
		509D4ABF17EBB2AB00697056 /* Default@2x.png */ = {isa = PBXBuildFile; fileRef = 509D4AAF17EBB2AB00697056 /* Default@2x.png */; };
		509D4AC017EBB2AB00697056 /* Icon-57.png */ = {isa = PBXBuildFile; fileRef = 509D4AB017EBB2AB00697056 /* Icon-57.png */; };
		509D4AC117EBB2AB00697056 /* Icon-72.png */ = {isa = PBXBuildFile; fileRef = 509D4AB117EBB2AB00697056 /* Icon-72.png */; };
		509D4AC217EBB2AB00697056 /* Icon-76.png */ = {isa = PBXBuildFile; fileRef = 509D4AB217EBB2AB00697056 /* Icon-76.png */; };
		509D4AC317EBB2AB00697056 /* Icon-114.png */ = {isa = PBXBuildFile; fileRef = 509D4AB317EBB2AB00697056 /* Icon-114.png */; };
		509D4AC417EBB2AB00697056 /* Icon-120.png */ = {isa = PBXBuildFile; fileRef = 509D4AB417EBB2AB00697056 /* Icon-120.png */; };
		509D4AC517EBB2AB00697056 /* Icon-144.png */ = {isa = PBXBuildFile; fileRef = 509D4AB517EBB2AB00697056 /* Icon-144.png */; };
		509D4AC617EBB2AB00697056 /* Icon-152.png */ = {isa = PBXBuildFile; fileRef = 509D4AB617EBB2AB00697056 /* Icon-152.png */; };
		509D4AC817EBB2AB00697056 /* main.m */ = {isa = PBXBuildFile; fileRef = 509D4AB817EBB2AB00697056 /* main.m */; };
		509D4AC917EBB2AB00697056 /* RootViewController.mm */ = {isa = PBXBuildFile; fileRef = 509D4ABB17EBB2AB00697056 /* RootViewController.mm */; };
		509D4ACF17EBB2BE00697056 /* Icon.icns */ = {isa = PBXBuildFile; fileRef = 509D4ACB17EBB2BE00697056 /* Icon.icns */; };
		509D4AE717EBB81800697056 /* OpenGL.framework */ = {isa = PBXBuildFile; fileRef = 509D4AE617EBB81800697056 /* OpenGL.framework */; };
		509D4AE917EBB82000697056 /* AppKit.framework */ = {isa = PBXBuildFile; fileRef = 509D4AE817EBB82000697056 /* AppKit.framework */; };
		509D4AEB17EBB82600697056 /* IOKit.framework */ = {isa = PBXBuildFile; fileRef = 509D4AEA17EBB82600697056 /* IOKit.framework */; };
		547D45A2808AFBF9BFF8BB4A /* sdkbox.framework */ = {isa = PBXBuildFile; fileRef = 69844928BFA85E9125EED1BF /* sdkbox.framework */; };
		6902421397CBDEC70202D97E /* GoogleMobileAds.framework */ = {isa = PBXBuildFile; fileRef = FF074B5A82FF3FB9A6A743A4 /* GoogleMobileAds.framework */; };
		7D464CC298E74492D4AA88E8 /* StoreKit.framework */ = {isa = PBXBuildFile; fileRef = 91554EAB95666AD1C064DB02 /* StoreKit.framework */; };
		7F634B65BB56EDE82D77A0EB /* CoreBluetooth.framework */ = {isa = PBXBuildFile; fileRef = F4BA421D9C333E640CDB9CBA /* CoreBluetooth.framework */; };
		9DB54BFFA84788895CF54B00 /* PluginAdMobJSHelper.cpp */ = {isa = PBXBuildFile; fileRef = 79934D97BB5A6C4E30235506 /* PluginAdMobJSHelper.cpp */; };
		9EB54A278F1C899450BD889B /* PluginAdMob.framework */ = {isa = PBXBuildFile; fileRef = BEAE4EC6A13BAEFAA4BE71C6 /* PluginAdMob.framework */; };
		A92275421517C094001B78AA /* QuartzCore.framework */ = {isa = PBXBuildFile; fileRef = A92275411517C094001B78AA /* QuartzCore.framework */; };
		A92275441517C094001B78AA /* OpenGLES.framework */ = {isa = PBXBuildFile; fileRef = A92275431517C094001B78AA /* OpenGLES.framework */; };
		A92275461517C094001B78AA /* OpenAL.framework */ = {isa = PBXBuildFile; fileRef = A92275451517C094001B78AA /* OpenAL.framework */; };
		A92275481517C094001B78AA /* AudioToolbox.framework */ = {isa = PBXBuildFile; fileRef = A92275471517C094001B78AA /* AudioToolbox.framework */; };
		A922754A1517C094001B78AA /* AVFoundation.framework */ = {isa = PBXBuildFile; fileRef = A92275491517C094001B78AA /* AVFoundation.framework */; };
		A922754C1517C094001B78AA /* UIKit.framework */ = {isa = PBXBuildFile; fileRef = A922754B1517C094001B78AA /* UIKit.framework */; };
		A922754E1517C094001B78AA /* Foundation.framework */ = {isa = PBXBuildFile; fileRef = A922754D1517C094001B78AA /* Foundation.framework */; };
		A92275501517C094001B78AA /* CoreGraphics.framework */ = {isa = PBXBuildFile; fileRef = A922754F1517C094001B78AA /* CoreGraphics.framework */; };
		AB45A0FB1D34F7A400033ACB /* CFNetwork.framework */ = {isa = PBXBuildFile; fileRef = AB45A0FA1D34F7A400033ACB /* CFNetwork.framework */; };
		AB45A0FD1D34F7B000033ACB /* CoreFoundation.framework */ = {isa = PBXBuildFile; fileRef = AB45A0FC1D34F7B000033ACB /* CoreFoundation.framework */; };
		AB45A1011D34F7CC00033ACB /* SystemConfiguration.framework */ = {isa = PBXBuildFile; fileRef = AB45A1001D34F7CC00033ACB /* SystemConfiguration.framework */; };
		AB45A1031D34F7E100033ACB /* GameController.framework */ = {isa = PBXBuildFile; fileRef = AB45A1021D34F7E100033ACB /* GameController.framework */; };
		ABE456E71D34F87F00F1F400 /* MobileCoreServices.framework */ = {isa = PBXBuildFile; fileRef = AB45A0FE1D34F7C000033ACB /* MobileCoreServices.framework */; };
		B21A4AE2858B4E88D0503F6F /* CoreMedia.framework */ = {isa = PBXBuildFile; fileRef = 4CFA4B7A971B327C25A035B2 /* CoreMedia.framework */; };
		B758432E824B4E6B8F7732AB /* MessageUI.framework */ = {isa = PBXBuildFile; fileRef = 136A404C94A3F2F34E5D8470 /* MessageUI.framework */; };
		BA3A85EC1A724AE900924D24 /* Security.framework */ = {isa = PBXBuildFile; fileRef = BA3A85EB1A724AE900924D24 /* Security.framework */; };
		BA4E718119EB6E3F00932425 /* MediaPlayer.framework */ = {isa = PBXBuildFile; fileRef = BA4E718019EB6E3E00932425 /* MediaPlayer.framework */; };
		BAEE4D841AC40C11003BEB0F /* Security.framework */ = {isa = PBXBuildFile; fileRef = BAEE4D831AC40C11003BEB0F /* Security.framework */; };
		BAF426FB19484B3E002B22EF /* script */ = {isa = PBXBuildFile; fileRef = BAF426FA19484B3E002B22EF /* script */; };
		BAF426FC19484B3E002B22EF /* script */ = {isa = PBXBuildFile; fileRef = BAF426FA19484B3E002B22EF /* script */; };
		C03780EB18BEE0E400FE4F13 /* src */ = {isa = PBXBuildFile; fileRef = C03780EA18BEE0E400FE4F13 /* src */; };
		C03780EC18BEE0E400FE4F13 /* src */ = {isa = PBXBuildFile; fileRef = C03780EA18BEE0E400FE4F13 /* src */; };
		C037820C18BF77C500FE4F13 /* libjscocos2d iOS.a */ = {isa = PBXBuildFile; fileRef = C037820918BF76AF00FE4F13 /* libjscocos2d iOS.a */; };
		C037820F18BF77DE00FE4F13 /* libjscocos2d Mac.a */ = {isa = PBXBuildFile; fileRef = C037820718BF76AF00FE4F13 /* libjscocos2d Mac.a */; };
		C06E23CC18CEFE680093C81A /* main.cpp */ = {isa = PBXBuildFile; fileRef = C06E23CB18CEFE680093C81A /* main.cpp */; };
		C0799CB918BAE62000E9C828 /* res */ = {isa = PBXBuildFile; fileRef = C0799CB518BAE62000E9C828 /* res */; };
		C0799CBA18BAE62000E9C828 /* res */ = {isa = PBXBuildFile; fileRef = C0799CB518BAE62000E9C828 /* res */; };
		C41A4220B3600715B3A5C7F3 /* CoreVideo.framework */ = {isa = PBXBuildFile; fileRef = 726E4BABAE48FC1BACE4A76F /* CoreVideo.framework */; };
		CFB444938AC23DA205873EF1 /* CoreTelephony.framework */ = {isa = PBXBuildFile; fileRef = 73194F559C3C1DAC4C2BC54A /* CoreTelephony.framework */; };
		D0394DC08A830FF1708B543D /* GLKit.framework */ = {isa = PBXBuildFile; fileRef = C03548A7BB3EB9A2A8D32C02 /* GLKit.framework */; };
		D454520C156E22BD00887EB5 /* libz.dylib */ = {isa = PBXBuildFile; fileRef = D454520B156E22BD00887EB5 /* libz.dylib */; };
		D4545227156E28EF00887EB5 /* AppDelegate.cpp */ = {isa = PBXBuildFile; fileRef = D4545215156E28EF00887EB5 /* AppDelegate.cpp */; };
		D4A04B639CDABBC2DF55D370 /* PluginAdMobJS.cpp */ = {isa = PBXBuildFile; fileRef = 377F4530B4BEC0FF7FB5F42B /* PluginAdMobJS.cpp */; };
		D6B061241803AB9F0077942B /* CoreMotion.framework */ = {isa = PBXBuildFile; fileRef = D6B061231803AB9F0077942B /* CoreMotion.framework */; };
		DFDC41B19690B48D68585115 /* SDKBoxJSHelper.cpp */ = {isa = PBXBuildFile; fileRef = 243E4D49B17C482572445F77 /* SDKBoxJSHelper.cpp */; };
		E7284FA0A367241040197BE3 /* SafariServices.framework */ = {isa = PBXBuildFile; fileRef = 919D47B696A56D769E1574B8 /* SafariServices.framework */; };
		FA676C761C71AFA200E091E3 /* libiconv.dylib */ = {isa = PBXBuildFile; fileRef = FA676C751C71AFA200E091E3 /* libiconv.dylib */; };
		FA676C781C71AFAB00E091E3 /* libiconv.dylib */ = {isa = PBXBuildFile; fileRef = FA676C771C71AFAB00E091E3 /* libiconv.dylib */; };
/* End PBXBuildFile section */

/* Begin PBXFileReference section */
		05054F6EA7C4CA79B1E8D986 /* AdSupport.framework */ = {isa = PBXFileReference; lastKnownFileType = wrapper.framework; name = AdSupport.framework; path = Platforms/iPhoneOS.platform/Developer/SDKs/iPhoneOS.sdk/System/Library/Frameworks/AdSupport.framework; sourceTree = DEVELOPER_DIR; };
		136A404C94A3F2F34E5D8470 /* MessageUI.framework */ = {isa = PBXFileReference; lastKnownFileType = wrapper.framework; name = MessageUI.framework; path = Platforms/iPhoneOS.platform/Developer/SDKs/iPhoneOS.sdk/System/Library/Frameworks/MessageUI.framework; sourceTree = DEVELOPER_DIR; };
		1A1A081B18C9DF05005C6854 /* project.json */ = {isa = PBXFileReference; lastKnownFileType = text.json; name = project.json; path = ../../../project.json; sourceTree = "<group>"; };
		1A499EA81F0CD97F004E6AEC /* libicucore.A.tbd */ = {isa = PBXFileReference; lastKnownFileType = sourcecode.text-based-dylib-definition; name = libicucore.A.tbd; path = Platforms/iPhoneOS.platform/Developer/SDKs/iPhoneOS10.3.sdk/usr/lib/libicucore.A.tbd; sourceTree = DEVELOPER_DIR; };
		1A499EB01F0CDCDD004E6AEC /* CFNetwork.framework */ = {isa = PBXFileReference; lastKnownFileType = wrapper.framework; name = CFNetwork.framework; path = System/Library/Frameworks/CFNetwork.framework; sourceTree = SDKROOT; };
		1A499EB21F0CDCE9004E6AEC /* libicucore.A.tbd */ = {isa = PBXFileReference; lastKnownFileType = sourcecode.text-based-dylib-definition; name = libicucore.A.tbd; path = usr/lib/libicucore.A.tbd; sourceTree = SDKROOT; };
		1A6BF21418C9DB5900FB0E1C /* main.js */ = {isa = PBXFileReference; fileEncoding = 4; lastKnownFileType = sourcecode.javascript; name = main.js; path = ../../../main.js; sourceTree = "<group>"; };
		1A82F5FA169AC92500C4B13A /* libsqlite3.dylib */ = {isa = PBXFileReference; lastKnownFileType = compiled.mach-o.dylib; name = libsqlite3.dylib; path = usr/lib/libsqlite3.dylib; sourceTree = SDKROOT; };
		1A96A4F2174A3432008653A9 /* libcurl.a */ = {isa = PBXFileReference; lastKnownFileType = archive.ar; name = libcurl.a; path = ../../cocos2d-x/cocos2dx/platform/third_party/ios/libraries/libcurl.a; sourceTree = "<group>"; };
		1AC6FB34180E9ACB004C840B /* cocos2d_libs.xcodeproj */ = {isa = PBXFileReference; lastKnownFileType = wrapper.pb-project; name = cocos2d_libs.xcodeproj; path = ../../cocos2d-x/build/cocos2d_libs.xcodeproj; sourceTree = "<group>"; };
		243E4D49B17C482572445F77 /* SDKBoxJSHelper.cpp */ = {isa = PBXFileReference; lastKnownFileType = sourcecode.cpp.cpp; name = SDKBoxJSHelper.cpp; path = ../Classes/SDKBoxJSHelper.cpp; sourceTree = SOURCE_ROOT; };
		294D7D7B1D0D667B002CE7B7 /* CoreText.framework */ = {isa = PBXFileReference; lastKnownFileType = wrapper.framework; name = CoreText.framework; path = Platforms/iPhoneOS.platform/Developer/SDKs/iPhoneOS9.3.sdk/System/Library/Frameworks/CoreText.framework; sourceTree = DEVELOPER_DIR; };
		373C4F949C4819938B280CD4 /* PluginAdMobJS.hpp */ = {isa = PBXFileReference; lastKnownFileType = sourcecode.c.h; name = PluginAdMobJS.hpp; path = ../Classes/PluginAdMobJS.hpp; sourceTree = SOURCE_ROOT; };
		377F4530B4BEC0FF7FB5F42B /* PluginAdMobJS.cpp */ = {isa = PBXFileReference; lastKnownFileType = sourcecode.cpp.cpp; name = PluginAdMobJS.cpp; path = ../Classes/PluginAdMobJS.cpp; sourceTree = SOURCE_ROOT; };
		4CFA4B7A971B327C25A035B2 /* CoreMedia.framework */ = {isa = PBXFileReference; lastKnownFileType = wrapper.framework; name = CoreMedia.framework; path = Platforms/iPhoneOS.platform/Developer/SDKs/iPhoneOS.sdk/System/Library/Frameworks/CoreMedia.framework; sourceTree = DEVELOPER_DIR; };
		4D697BD91CBD301C00A5AF29 /* libjs_static.a */ = {isa = PBXFileReference; lastKnownFileType = archive.ar; name = libjs_static.a; path = ../../cocos2d-x/external/ios/libs/libjs_static.a; sourceTree = "<group>"; };
		4D697BDC1CBD303100A5AF29 /* libjs_static.a */ = {isa = PBXFileReference; lastKnownFileType = archive.ar; name = libjs_static.a; path = ../../cocos2d-x/external/mac/libs/libjs_static.a; sourceTree = "<group>"; };
		500B479983D5C539E84A8DF3 /* SDKBoxJSHelper.h */ = {isa = PBXFileReference; lastKnownFileType = sourcecode.c.h; name = SDKBoxJSHelper.h; path = ../Classes/SDKBoxJSHelper.h; sourceTree = SOURCE_ROOT; };
		502380DB17EBB88200990C9B /* libcurl.dylib */ = {isa = PBXFileReference; lastKnownFileType = compiled.mach-o.dylib; name = libcurl.dylib; path = usr/lib/libcurl.dylib; sourceTree = SDKROOT; };
		5091731417ECDF7A00D62437 /* Icon-29.png */ = {isa = PBXFileReference; lastKnownFileType = image.png; name = Icon-29.png; path = ios/Icon-29.png; sourceTree = "<group>"; };
		5091731517ECDF7A00D62437 /* Icon-40.png */ = {isa = PBXFileReference; lastKnownFileType = image.png; name = Icon-40.png; path = ios/Icon-40.png; sourceTree = "<group>"; };
		5091731617ECDF7A00D62437 /* Icon-50.png */ = {isa = PBXFileReference; lastKnownFileType = image.png; name = Icon-50.png; path = ios/Icon-50.png; sourceTree = "<group>"; };
		5091731717ECDF7A00D62437 /* Icon-58.png */ = {isa = PBXFileReference; lastKnownFileType = image.png; name = Icon-58.png; path = ios/Icon-58.png; sourceTree = "<group>"; };
		5091731817ECDF7A00D62437 /* Icon-80.png */ = {isa = PBXFileReference; lastKnownFileType = image.png; name = Icon-80.png; path = ios/Icon-80.png; sourceTree = "<group>"; };
		5091731917ECDF7A00D62437 /* Icon-100.png */ = {isa = PBXFileReference; lastKnownFileType = image.png; name = Icon-100.png; path = ios/Icon-100.png; sourceTree = "<group>"; };
		509D4AAA17EBB24E00697056 /* MultiplicationTable-Client-desktop.app */ = {isa = PBXFileReference; explicitFileType = wrapper.application; includeInIndex = 0; path = MultiplicationTable-Client-desktop.app; sourceTree = BUILT_PRODUCTS_DIR; };
		509D4AAB17EBB2AB00697056 /* AppController.h */ = {isa = PBXFileReference; fileEncoding = 4; lastKnownFileType = sourcecode.c.h; name = AppController.h; path = ios/AppController.h; sourceTree = "<group>"; };
		509D4AAC17EBB2AB00697056 /* AppController.mm */ = {isa = PBXFileReference; fileEncoding = 4; lastKnownFileType = sourcecode.cpp.objcpp; name = AppController.mm; path = ios/AppController.mm; sourceTree = "<group>"; };
		509D4AAD17EBB2AB00697056 /* Default-568h@2x.png */ = {isa = PBXFileReference; lastKnownFileType = image.png; name = "Default-568h@2x.png"; path = "ios/Default-568h@2x.png"; sourceTree = "<group>"; };
		509D4AAE17EBB2AB00697056 /* Default.png */ = {isa = PBXFileReference; lastKnownFileType = image.png; name = Default.png; path = ios/Default.png; sourceTree = "<group>"; };
		509D4AAF17EBB2AB00697056 /* Default@2x.png */ = {isa = PBXFileReference; lastKnownFileType = image.png; name = "Default@2x.png"; path = "ios/Default@2x.png"; sourceTree = "<group>"; };
		509D4AB017EBB2AB00697056 /* Icon-57.png */ = {isa = PBXFileReference; lastKnownFileType = image.png; name = Icon-57.png; path = ios/Icon-57.png; sourceTree = "<group>"; };
		509D4AB117EBB2AB00697056 /* Icon-72.png */ = {isa = PBXFileReference; lastKnownFileType = image.png; name = Icon-72.png; path = ios/Icon-72.png; sourceTree = "<group>"; };
		509D4AB217EBB2AB00697056 /* Icon-76.png */ = {isa = PBXFileReference; lastKnownFileType = image.png; name = Icon-76.png; path = ios/Icon-76.png; sourceTree = "<group>"; };
		509D4AB317EBB2AB00697056 /* Icon-114.png */ = {isa = PBXFileReference; lastKnownFileType = image.png; name = Icon-114.png; path = ios/Icon-114.png; sourceTree = "<group>"; };
		509D4AB417EBB2AB00697056 /* Icon-120.png */ = {isa = PBXFileReference; lastKnownFileType = image.png; name = Icon-120.png; path = ios/Icon-120.png; sourceTree = "<group>"; };
		509D4AB517EBB2AB00697056 /* Icon-144.png */ = {isa = PBXFileReference; lastKnownFileType = image.png; name = Icon-144.png; path = ios/Icon-144.png; sourceTree = "<group>"; };
		509D4AB617EBB2AB00697056 /* Icon-152.png */ = {isa = PBXFileReference; lastKnownFileType = image.png; name = Icon-152.png; path = ios/Icon-152.png; sourceTree = "<group>"; };
		509D4AB717EBB2AB00697056 /* Info.plist */ = {isa = PBXFileReference; fileEncoding = 4; lastKnownFileType = text.plist.xml; name = Info.plist; path = ios/Info.plist; sourceTree = "<group>"; };
		509D4AB817EBB2AB00697056 /* main.m */ = {isa = PBXFileReference; fileEncoding = 4; lastKnownFileType = sourcecode.c.objc; name = main.m; path = ios/main.m; sourceTree = "<group>"; };
		509D4AB917EBB2AB00697056 /* Prefix.pch */ = {isa = PBXFileReference; fileEncoding = 4; lastKnownFileType = sourcecode.c.h; name = Prefix.pch; path = ios/Prefix.pch; sourceTree = "<group>"; };
		509D4ABA17EBB2AB00697056 /* RootViewController.h */ = {isa = PBXFileReference; fileEncoding = 4; lastKnownFileType = sourcecode.c.h; name = RootViewController.h; path = ios/RootViewController.h; sourceTree = "<group>"; };
		509D4ABB17EBB2AB00697056 /* RootViewController.mm */ = {isa = PBXFileReference; fileEncoding = 4; lastKnownFileType = sourcecode.cpp.objcpp; name = RootViewController.mm; path = ios/RootViewController.mm; sourceTree = "<group>"; };
		509D4ACB17EBB2BE00697056 /* Icon.icns */ = {isa = PBXFileReference; lastKnownFileType = image.icns; path = Icon.icns; sourceTree = "<group>"; };
		509D4ACC17EBB2BE00697056 /* Info.plist */ = {isa = PBXFileReference; fileEncoding = 4; lastKnownFileType = text.plist.xml; path = Info.plist; sourceTree = "<group>"; };
		509D4ACE17EBB2BE00697056 /* Prefix.pch */ = {isa = PBXFileReference; fileEncoding = 4; lastKnownFileType = sourcecode.c.h; path = Prefix.pch; sourceTree = "<group>"; };
		509D4AE617EBB81800697056 /* OpenGL.framework */ = {isa = PBXFileReference; lastKnownFileType = wrapper.framework; name = OpenGL.framework; path = System/Library/Frameworks/OpenGL.framework; sourceTree = SDKROOT; };
		509D4AE817EBB82000697056 /* AppKit.framework */ = {isa = PBXFileReference; lastKnownFileType = wrapper.framework; name = AppKit.framework; path = System/Library/Frameworks/AppKit.framework; sourceTree = SDKROOT; };
		509D4AEA17EBB82600697056 /* IOKit.framework */ = {isa = PBXFileReference; lastKnownFileType = wrapper.framework; name = IOKit.framework; path = System/Library/Frameworks/IOKit.framework; sourceTree = SDKROOT; };
		69844928BFA85E9125EED1BF /* sdkbox.framework */ = {isa = PBXFileReference; lastKnownFileType = wrapper.framework; name = sdkbox.framework; path = sdkbox.framework; sourceTree = SOURCE_ROOT; };
		69E84D5195CC59256E8BC0D0 /* PluginAdMobJSHelper.h */ = {isa = PBXFileReference; lastKnownFileType = sourcecode.c.h; name = PluginAdMobJSHelper.h; path = ../Classes/PluginAdMobJSHelper.h; sourceTree = SOURCE_ROOT; };
		726E4BABAE48FC1BACE4A76F /* CoreVideo.framework */ = {isa = PBXFileReference; lastKnownFileType = wrapper.framework; name = CoreVideo.framework; path = Platforms/iPhoneOS.platform/Developer/SDKs/iPhoneOS.sdk/System/Library/Frameworks/CoreVideo.framework; sourceTree = DEVELOPER_DIR; };
		73194F559C3C1DAC4C2BC54A /* CoreTelephony.framework */ = {isa = PBXFileReference; lastKnownFileType = wrapper.framework; name = CoreTelephony.framework; path = Platforms/iPhoneOS.platform/Developer/SDKs/iPhoneOS.sdk/System/Library/Frameworks/CoreTelephony.framework; sourceTree = DEVELOPER_DIR; };
		79934D97BB5A6C4E30235506 /* PluginAdMobJSHelper.cpp */ = {isa = PBXFileReference; lastKnownFileType = sourcecode.cpp.cpp; name = PluginAdMobJSHelper.cpp; path = ../Classes/PluginAdMobJSHelper.cpp; sourceTree = SOURCE_ROOT; };
		91554EAB95666AD1C064DB02 /* StoreKit.framework */ = {isa = PBXFileReference; lastKnownFileType = wrapper.framework; name = StoreKit.framework; path = Platforms/iPhoneOS.platform/Developer/SDKs/iPhoneOS.sdk/System/Library/Frameworks/StoreKit.framework; sourceTree = DEVELOPER_DIR; };
		919D47B696A56D769E1574B8 /* SafariServices.framework */ = {isa = PBXFileReference; lastKnownFileType = wrapper.framework; name = SafariServices.framework; path = Platforms/iPhoneOS.platform/Developer/SDKs/iPhoneOS.sdk/System/Library/Frameworks/SafariServices.framework; sourceTree = DEVELOPER_DIR; };
		942B46C2AB3D65FC11E2ECA5 /* EventKitUI.framework */ = {isa = PBXFileReference; lastKnownFileType = wrapper.framework; name = EventKitUI.framework; path = Platforms/iPhoneOS.platform/Developer/SDKs/iPhoneOS.sdk/System/Library/Frameworks/EventKitUI.framework; sourceTree = DEVELOPER_DIR; };
		A922753D1517C094001B78AA /* MultiplicationTable-Client-mobile.app */ = {isa = PBXFileReference; explicitFileType = wrapper.application; includeInIndex = 0; path = MultiplicationTable-Client-mobile.app; sourceTree = BUILT_PRODUCTS_DIR; };
		A92275411517C094001B78AA /* QuartzCore.framework */ = {isa = PBXFileReference; lastKnownFileType = wrapper.framework; name = QuartzCore.framework; path = System/Library/Frameworks/QuartzCore.framework; sourceTree = SDKROOT; };
		A92275431517C094001B78AA /* OpenGLES.framework */ = {isa = PBXFileReference; lastKnownFileType = wrapper.framework; name = OpenGLES.framework; path = System/Library/Frameworks/OpenGLES.framework; sourceTree = SDKROOT; };
		A92275451517C094001B78AA /* OpenAL.framework */ = {isa = PBXFileReference; lastKnownFileType = wrapper.framework; name = OpenAL.framework; path = System/Library/Frameworks/OpenAL.framework; sourceTree = SDKROOT; };
		A92275471517C094001B78AA /* AudioToolbox.framework */ = {isa = PBXFileReference; lastKnownFileType = wrapper.framework; name = AudioToolbox.framework; path = System/Library/Frameworks/AudioToolbox.framework; sourceTree = SDKROOT; };
		A92275491517C094001B78AA /* AVFoundation.framework */ = {isa = PBXFileReference; lastKnownFileType = wrapper.framework; name = AVFoundation.framework; path = System/Library/Frameworks/AVFoundation.framework; sourceTree = SDKROOT; };
		A922754B1517C094001B78AA /* UIKit.framework */ = {isa = PBXFileReference; lastKnownFileType = wrapper.framework; name = UIKit.framework; path = System/Library/Frameworks/UIKit.framework; sourceTree = SDKROOT; };
		A922754D1517C094001B78AA /* Foundation.framework */ = {isa = PBXFileReference; lastKnownFileType = wrapper.framework; name = Foundation.framework; path = System/Library/Frameworks/Foundation.framework; sourceTree = SDKROOT; };
		A922754F1517C094001B78AA /* CoreGraphics.framework */ = {isa = PBXFileReference; lastKnownFileType = wrapper.framework; name = CoreGraphics.framework; path = System/Library/Frameworks/CoreGraphics.framework; sourceTree = SDKROOT; };
		AB2EB9C31D34F41700695C92 /* jsb_anysdk_basic_conversions.cpp */ = {isa = PBXFileReference; fileEncoding = 4; lastKnownFileType = sourcecode.cpp.cpp; path = jsb_anysdk_basic_conversions.cpp; sourceTree = "<group>"; };
		AB2EB9C51D34F41700695C92 /* jsb_anysdk_protocols_auto.cpp */ = {isa = PBXFileReference; fileEncoding = 4; lastKnownFileType = sourcecode.cpp.cpp; path = jsb_anysdk_protocols_auto.cpp; sourceTree = "<group>"; };
		AB2EB9C71D34F41700695C92 /* manualanysdkbindings.cpp */ = {isa = PBXFileReference; fileEncoding = 4; lastKnownFileType = sourcecode.cpp.cpp; path = manualanysdkbindings.cpp; sourceTree = "<group>"; };
		AB2EB9C91D34F41700695C92 /* SDKManager.cpp */ = {isa = PBXFileReference; fileEncoding = 4; lastKnownFileType = sourcecode.cpp.cpp; path = SDKManager.cpp; sourceTree = "<group>"; };
		AB2EB9DC1D34F56100695C92 /* jsb_anysdk_basic_conversions.h */ = {isa = PBXFileReference; fileEncoding = 4; lastKnownFileType = sourcecode.c.h; path = jsb_anysdk_basic_conversions.h; sourceTree = "<group>"; };
		AB2EB9DE1D34F56100695C92 /* jsb_anysdk_protocols_auto.hpp */ = {isa = PBXFileReference; fileEncoding = 4; lastKnownFileType = sourcecode.cpp.h; path = jsb_anysdk_protocols_auto.hpp; sourceTree = "<group>"; };
		AB2EB9E01D34F56100695C92 /* manualanysdkbindings.hpp */ = {isa = PBXFileReference; fileEncoding = 4; lastKnownFileType = sourcecode.cpp.h; path = manualanysdkbindings.hpp; sourceTree = "<group>"; };
		AB2EB9E21D34F56100695C92 /* SDKManager.h */ = {isa = PBXFileReference; fileEncoding = 4; lastKnownFileType = sourcecode.c.h; path = SDKManager.h; sourceTree = "<group>"; };
		AB45A0FA1D34F7A400033ACB /* CFNetwork.framework */ = {isa = PBXFileReference; lastKnownFileType = wrapper.framework; name = CFNetwork.framework; path = Platforms/iPhoneOS.platform/Developer/SDKs/iPhoneOS9.3.sdk/System/Library/Frameworks/CFNetwork.framework; sourceTree = DEVELOPER_DIR; };
		AB45A0FC1D34F7B000033ACB /* CoreFoundation.framework */ = {isa = PBXFileReference; lastKnownFileType = wrapper.framework; name = CoreFoundation.framework; path = Platforms/iPhoneOS.platform/Developer/SDKs/iPhoneOS9.3.sdk/System/Library/Frameworks/CoreFoundation.framework; sourceTree = DEVELOPER_DIR; };
		AB45A0FE1D34F7C000033ACB /* MobileCoreServices.framework */ = {isa = PBXFileReference; lastKnownFileType = wrapper.framework; name = MobileCoreServices.framework; path = Platforms/iPhoneOS.platform/Developer/SDKs/iPhoneOS9.3.sdk/System/Library/Frameworks/MobileCoreServices.framework; sourceTree = DEVELOPER_DIR; };
		AB45A1001D34F7CC00033ACB /* SystemConfiguration.framework */ = {isa = PBXFileReference; lastKnownFileType = wrapper.framework; name = SystemConfiguration.framework; path = Platforms/iPhoneOS.platform/Developer/SDKs/iPhoneOS9.3.sdk/System/Library/Frameworks/SystemConfiguration.framework; sourceTree = DEVELOPER_DIR; };
		AB45A1021D34F7E100033ACB /* GameController.framework */ = {isa = PBXFileReference; lastKnownFileType = wrapper.framework; name = GameController.framework; path = Platforms/iPhoneOS.platform/Developer/SDKs/iPhoneOS9.3.sdk/System/Library/Frameworks/GameController.framework; sourceTree = DEVELOPER_DIR; };
		ABE457021D35198000F1F400 /* libPluginProtocol.a */ = {isa = PBXFileReference; lastKnownFileType = archive.ar; name = libPluginProtocol.a; path = ../../cocos2d-x/external/ios/libs//libPluginProtocol.a; sourceTree = "<group>"; };
		B7BF4453BF4CF849C426E91E /* EventKit.framework */ = {isa = PBXFileReference; lastKnownFileType = wrapper.framework; name = EventKit.framework; path = Platforms/iPhoneOS.platform/Developer/SDKs/iPhoneOS.sdk/System/Library/Frameworks/EventKit.framework; sourceTree = DEVELOPER_DIR; };
		BA3A85EB1A724AE900924D24 /* Security.framework */ = {isa = PBXFileReference; lastKnownFileType = wrapper.framework; name = Security.framework; path = Platforms/iPhoneOS.platform/Developer/SDKs/iPhoneOS8.1.sdk/System/Library/Frameworks/Security.framework; sourceTree = DEVELOPER_DIR; };
		BA4E718019EB6E3E00932425 /* MediaPlayer.framework */ = {isa = PBXFileReference; lastKnownFileType = wrapper.framework; name = MediaPlayer.framework; path = Platforms/iPhoneOS.platform/Developer/SDKs/iPhoneOS8.0.sdk/System/Library/Frameworks/MediaPlayer.framework; sourceTree = DEVELOPER_DIR; };
		BA4E718219EB6E4600932425 /* GameController.framework */ = {isa = PBXFileReference; lastKnownFileType = wrapper.framework; name = GameController.framework; path = Platforms/iPhoneOS.platform/Developer/SDKs/iPhoneOS8.0.sdk/System/Library/Frameworks/GameController.framework; sourceTree = DEVELOPER_DIR; };
		BAEE4D831AC40C11003BEB0F /* Security.framework */ = {isa = PBXFileReference; lastKnownFileType = wrapper.framework; name = Security.framework; path = System/Library/Frameworks/Security.framework; sourceTree = SDKROOT; };
		BAF426FA19484B3E002B22EF /* script */ = {isa = PBXFileReference; lastKnownFileType = folder; name = script; path = ../../cocos2d-x/cocos/scripting/js-bindings/script; sourceTree = "<group>"; };
		BEAE4EC6A13BAEFAA4BE71C6 /* PluginAdMob.framework */ = {isa = PBXFileReference; lastKnownFileType = wrapper.framework; name = PluginAdMob.framework; path = PluginAdMob.framework; sourceTree = SOURCE_ROOT; };
		C03548A7BB3EB9A2A8D32C02 /* GLKit.framework */ = {isa = PBXFileReference; lastKnownFileType = wrapper.framework; name = GLKit.framework; path = Platforms/iPhoneOS.platform/Developer/SDKs/iPhoneOS.sdk/System/Library/Frameworks/GLKit.framework; sourceTree = DEVELOPER_DIR; };
		C03780EA18BEE0E400FE4F13 /* src */ = {isa = PBXFileReference; lastKnownFileType = folder; name = src; path = ../../../src; sourceTree = "<group>"; };
		C037820118BF76AF00FE4F13 /* cocos2d_js_bindings.xcodeproj */ = {isa = PBXFileReference; lastKnownFileType = wrapper.pb-project; name = cocos2d_js_bindings.xcodeproj; path = ../../cocos2d-x/cocos/scripting/js-bindings/proj.ios_mac/cocos2d_js_bindings.xcodeproj; sourceTree = "<group>"; };
		C06E23CB18CEFE680093C81A /* main.cpp */ = {isa = PBXFileReference; fileEncoding = 4; lastKnownFileType = sourcecode.cpp.cpp; path = main.cpp; sourceTree = "<group>"; };
		C0799CB518BAE62000E9C828 /* res */ = {isa = PBXFileReference; lastKnownFileType = folder; name = res; path = ../../../res; sourceTree = "<group>"; };
		D454520B156E22BD00887EB5 /* libz.dylib */ = {isa = PBXFileReference; lastKnownFileType = compiled.mach-o.dylib; name = libz.dylib; path = usr/lib/libz.dylib; sourceTree = SDKROOT; };
		D4545215156E28EF00887EB5 /* AppDelegate.cpp */ = {isa = PBXFileReference; fileEncoding = 4; lastKnownFileType = sourcecode.cpp.cpp; path = AppDelegate.cpp; sourceTree = "<group>"; };
		D4545216156E28EF00887EB5 /* AppDelegate.h */ = {isa = PBXFileReference; fileEncoding = 4; lastKnownFileType = sourcecode.c.h; path = AppDelegate.h; sourceTree = "<group>"; };
		D6B061231803AB9F0077942B /* CoreMotion.framework */ = {isa = PBXFileReference; lastKnownFileType = wrapper.framework; name = CoreMotion.framework; path = Platforms/iPhoneOS.platform/Developer/SDKs/iPhoneOS7.0.sdk/System/Library/Frameworks/CoreMotion.framework; sourceTree = DEVELOPER_DIR; };
		F4BA421D9C333E640CDB9CBA /* CoreBluetooth.framework */ = {isa = PBXFileReference; lastKnownFileType = wrapper.framework; name = CoreBluetooth.framework; path = Platforms/iPhoneOS.platform/Developer/SDKs/iPhoneOS.sdk/System/Library/Frameworks/CoreBluetooth.framework; sourceTree = DEVELOPER_DIR; };
		FA676C751C71AFA200E091E3 /* libiconv.dylib */ = {isa = PBXFileReference; lastKnownFileType = compiled.mach-o.dylib; name = libiconv.dylib; path = Platforms/iPhoneOS.platform/Developer/SDKs/iPhoneOS8.4.sdk/usr/lib/libiconv.dylib; sourceTree = DEVELOPER_DIR; };
		FA676C771C71AFAB00E091E3 /* libiconv.dylib */ = {isa = PBXFileReference; lastKnownFileType = compiled.mach-o.dylib; name = libiconv.dylib; path = usr/lib/libiconv.dylib; sourceTree = SDKROOT; };
		FF074B5A82FF3FB9A6A743A4 /* GoogleMobileAds.framework */ = {isa = PBXFileReference; lastKnownFileType = wrapper.framework; name = GoogleMobileAds.framework; path = GoogleMobileAds.framework; sourceTree = SOURCE_ROOT; };
/* End PBXFileReference section */

/* Begin PBXFrameworksBuildPhase section */
		509D4A8217EBB24E00697056 /* Frameworks */ = {
			isa = PBXFrameworksBuildPhase;
			buildActionMask = 2147483647;
			files = (
				1A499EB31F0CDCE9004E6AEC /* libicucore.A.tbd */,
				1A499EB11F0CDCDD004E6AEC /* CFNetwork.framework */,
				FA676C781C71AFAB00E091E3 /* libiconv.dylib */,
				BAEE4D841AC40C11003BEB0F /* Security.framework */,
				C037820F18BF77DE00FE4F13 /* libjscocos2d Mac.a */,
				1A67682A180E9C060076BC67 /* libcocos2d Mac.a */,
				502380DC17EBB88200990C9B /* libcurl.dylib */,
				509D4A8817EBB24E00697056 /* libsqlite3.dylib */,
				509D4A8917EBB24E00697056 /* libz.dylib */,
				509D4AEB17EBB82600697056 /* IOKit.framework */,
				509D4AE917EBB82000697056 /* AppKit.framework */,
				509D4AE717EBB81800697056 /* OpenGL.framework */,
				509D4A8A17EBB24E00697056 /* QuartzCore.framework */,
				509D4A8C17EBB24E00697056 /* OpenAL.framework */,
				509D4A8D17EBB24E00697056 /* AudioToolbox.framework */,
				4D697BDE1CBD303100A5AF29 /* libjs_static.a */,
				509D4A8E17EBB24E00697056 /* AVFoundation.framework */,
				509D4A9017EBB24E00697056 /* Foundation.framework */,
				509D4A9117EBB24E00697056 /* CoreGraphics.framework */,
			);
			runOnlyForDeploymentPostprocessing = 0;
		};
		A922753A1517C094001B78AA /* Frameworks */ = {
			isa = PBXFrameworksBuildPhase;
			buildActionMask = 2147483647;
			files = (
				1A499EA91F0CD97F004E6AEC /* libicucore.A.tbd */,
				AB45A1031D34F7E100033ACB /* GameController.framework */,
				AB45A1011D34F7CC00033ACB /* SystemConfiguration.framework */,
				ABE456E71D34F87F00F1F400 /* MobileCoreServices.framework */,
				AB45A0FD1D34F7B000033ACB /* CoreFoundation.framework */,
				AB45A0FB1D34F7A400033ACB /* CFNetwork.framework */,
				294D7D7C1D0D667B002CE7B7 /* CoreText.framework */,
				FA676C761C71AFA200E091E3 /* libiconv.dylib */,
				BA3A85EC1A724AE900924D24 /* Security.framework */,
				BA4E718119EB6E3F00932425 /* MediaPlayer.framework */,
				C037820C18BF77C500FE4F13 /* libjscocos2d iOS.a */,
				1A676839180E9C1E0076BC67 /* libcocos2d iOS.a */,
				D6B061241803AB9F0077942B /* CoreMotion.framework */,
				1A82F5FB169AC92500C4B13A /* libsqlite3.dylib */,
				D454520C156E22BD00887EB5 /* libz.dylib */,
				4D697BDA1CBD301C00A5AF29 /* libjs_static.a */,
				A92275421517C094001B78AA /* QuartzCore.framework */,
				A92275441517C094001B78AA /* OpenGLES.framework */,
				A92275461517C094001B78AA /* OpenAL.framework */,
				A92275481517C094001B78AA /* AudioToolbox.framework */,
				A922754A1517C094001B78AA /* AVFoundation.framework */,
				A922754C1517C094001B78AA /* UIKit.framework */,
				A922754E1517C094001B78AA /* Foundation.framework */,
				A92275501517C094001B78AA /* CoreGraphics.framework */,
				547D45A2808AFBF9BFF8BB4A /* sdkbox.framework */,
				9EB54A278F1C899450BD889B /* PluginAdMob.framework */,
				6902421397CBDEC70202D97E /* GoogleMobileAds.framework */,
				24344860B3A4614BD2610967 /* AdSupport.framework */,
				B21A4AE2858B4E88D0503F6F /* CoreMedia.framework */,
				CFB444938AC23DA205873EF1 /* CoreTelephony.framework */,
				39AC4603BA6A0DFB7213EED2 /* EventKit.framework */,
				0304438FAA18F3FCA261742A /* EventKitUI.framework */,
				B758432E824B4E6B8F7732AB /* MessageUI.framework */,
				7D464CC298E74492D4AA88E8 /* StoreKit.framework */,
				D0394DC08A830FF1708B543D /* GLKit.framework */,
				C41A4220B3600715B3A5C7F3 /* CoreVideo.framework */,
				7F634B65BB56EDE82D77A0EB /* CoreBluetooth.framework */,
				E7284FA0A367241040197BE3 /* SafariServices.framework */,
			);
			runOnlyForDeploymentPostprocessing = 0;
		};
/* End PBXFrameworksBuildPhase section */

/* Begin PBXGroup section */
		15628F5B15F0F5C2000CF24B /* Resources */ = {
			isa = PBXGroup;
			children = (
				1A1A081B18C9DF05005C6854 /* project.json */,
				1A6BF21418C9DB5900FB0E1C /* main.js */,
				C0799CB518BAE62000E9C828 /* res */,
				C03780EA18BEE0E400FE4F13 /* src */,
			);
			name = Resources;
			sourceTree = "<group>";
		};
		1AC6FB35180E9ACB004C840B /* Products */ = {
			isa = PBXGroup;
			children = (
				1AC6FB48180E9ACB004C840B /* libcocos2d Mac.a */,
				1AC6FB56180E9ACB004C840B /* libcocos2d iOS.a */,
			);
			name = Products;
			sourceTree = "<group>";
		};
		5091732E17ECDF8A00D62437 /* Icons */ = {
			isa = PBXGroup;
			children = (
				5091731417ECDF7A00D62437 /* Icon-29.png */,
				5091731517ECDF7A00D62437 /* Icon-40.png */,
				5091731617ECDF7A00D62437 /* Icon-50.png */,
				5091731717ECDF7A00D62437 /* Icon-58.png */,
				5091731817ECDF7A00D62437 /* Icon-80.png */,
				5091731917ECDF7A00D62437 /* Icon-100.png */,
				509D4AB017EBB2AB00697056 /* Icon-57.png */,
				509D4AB117EBB2AB00697056 /* Icon-72.png */,
				509D4AB217EBB2AB00697056 /* Icon-76.png */,
				509D4AB317EBB2AB00697056 /* Icon-114.png */,
				509D4AB417EBB2AB00697056 /* Icon-120.png */,
				509D4AB517EBB2AB00697056 /* Icon-144.png */,
				509D4AB617EBB2AB00697056 /* Icon-152.png */,
			);
			name = Icons;
			sourceTree = "<group>";
		};
		509D4ACA17EBB2BE00697056 /* mac */ = {
			isa = PBXGroup;
			children = (
				C06E23CB18CEFE680093C81A /* main.cpp */,
				509D4ACB17EBB2BE00697056 /* Icon.icns */,
				509D4ACC17EBB2BE00697056 /* Info.plist */,
				509D4ACE17EBB2BE00697056 /* Prefix.pch */,
			);
			path = mac;
			sourceTree = "<group>";
		};
		A92275321517C094001B78AA /*  */ = {
			isa = PBXGroup;
			children = (
				C037820118BF76AF00FE4F13 /* cocos2d_js_bindings.xcodeproj */,
				1AC6FB34180E9ACB004C840B /* cocos2d_libs.xcodeproj */,
				BAF426FA19484B3E002B22EF /* script */,
				D4545214156E28EF00887EB5 /* Classes */,
				A92275401517C094001B78AA /* Frameworks */,
				D45446CC156DE73F00887EB5 /* ios */,
				509D4ACA17EBB2BE00697056 /* mac */,
				A922753E1517C094001B78AA /* Products */,
				15628F5B15F0F5C2000CF24B /* Resources */,
			);
			sourceTree = "<group>";
		};
		A922753E1517C094001B78AA /* Products */ = {
			isa = PBXGroup;
			children = (
				A922753D1517C094001B78AA /* MultiplicationTable-Client-mobile.app */,
				509D4AAA17EBB24E00697056 /* MultiplicationTable-Client-desktop.app */,
			);
			name = Products;
			sourceTree = "<group>";
		};
		A92275401517C094001B78AA /* Frameworks */ = {
			isa = PBXGroup;
			children = (
				1A499EB21F0CDCE9004E6AEC /* libicucore.A.tbd */,
				1A499EB01F0CDCDD004E6AEC /* CFNetwork.framework */,
				1A499EA81F0CD97F004E6AEC /* libicucore.A.tbd */,
				ABE457021D35198000F1F400 /* libPluginProtocol.a */,
				AB45A1021D34F7E100033ACB /* GameController.framework */,
				AB45A1001D34F7CC00033ACB /* SystemConfiguration.framework */,
				AB45A0FE1D34F7C000033ACB /* MobileCoreServices.framework */,
				AB45A0FC1D34F7B000033ACB /* CoreFoundation.framework */,
				AB45A0FA1D34F7A400033ACB /* CFNetwork.framework */,
				294D7D7B1D0D667B002CE7B7 /* CoreText.framework */,
				4D697BDC1CBD303100A5AF29 /* libjs_static.a */,
				4D697BD91CBD301C00A5AF29 /* libjs_static.a */,
				FA676C771C71AFAB00E091E3 /* libiconv.dylib */,
				FA676C751C71AFA200E091E3 /* libiconv.dylib */,
				BAEE4D831AC40C11003BEB0F /* Security.framework */,
				BA3A85EB1A724AE900924D24 /* Security.framework */,
				BA4E718219EB6E4600932425 /* GameController.framework */,
				BA4E718019EB6E3E00932425 /* MediaPlayer.framework */,
				D6B061231803AB9F0077942B /* CoreMotion.framework */,
				502380DB17EBB88200990C9B /* libcurl.dylib */,
				509D4AEA17EBB82600697056 /* IOKit.framework */,
				509D4AE817EBB82000697056 /* AppKit.framework */,
				509D4AE617EBB81800697056 /* OpenGL.framework */,
				1A96A4F2174A3432008653A9 /* libcurl.a */,
				1A82F5FA169AC92500C4B13A /* libsqlite3.dylib */,
				D454520B156E22BD00887EB5 /* libz.dylib */,
				A92275411517C094001B78AA /* QuartzCore.framework */,
				A92275431517C094001B78AA /* OpenGLES.framework */,
				A92275451517C094001B78AA /* OpenAL.framework */,
				A92275471517C094001B78AA /* AudioToolbox.framework */,
				A92275491517C094001B78AA /* AVFoundation.framework */,
				A922754B1517C094001B78AA /* UIKit.framework */,
				A922754D1517C094001B78AA /* Foundation.framework */,
				A922754F1517C094001B78AA /* CoreGraphics.framework */,
				69844928BFA85E9125EED1BF /* sdkbox.framework */,
				BEAE4EC6A13BAEFAA4BE71C6 /* PluginAdMob.framework */,
				FF074B5A82FF3FB9A6A743A4 /* GoogleMobileAds.framework */,
				05054F6EA7C4CA79B1E8D986 /* AdSupport.framework */,
				4CFA4B7A971B327C25A035B2 /* CoreMedia.framework */,
				73194F559C3C1DAC4C2BC54A /* CoreTelephony.framework */,
				B7BF4453BF4CF849C426E91E /* EventKit.framework */,
				942B46C2AB3D65FC11E2ECA5 /* EventKitUI.framework */,
				136A404C94A3F2F34E5D8470 /* MessageUI.framework */,
				91554EAB95666AD1C064DB02 /* StoreKit.framework */,
				C03548A7BB3EB9A2A8D32C02 /* GLKit.framework */,
				726E4BABAE48FC1BACE4A76F /* CoreVideo.framework */,
				F4BA421D9C333E640CDB9CBA /* CoreBluetooth.framework */,
				919D47B696A56D769E1574B8 /* SafariServices.framework */,
			);
			name = Frameworks;
			sourceTree = "<group>";
		};
		C037820218BF76AF00FE4F13 /* Products */ = {
			isa = PBXGroup;
			children = (
				C037820718BF76AF00FE4F13 /* libjscocos2d Mac.a */,
				C037820918BF76AF00FE4F13 /* libjscocos2d iOS.a */,
			);
			name = Products;
			sourceTree = "<group>";
		};
		D45446CC156DE73F00887EB5 /* ios */ = {
			isa = PBXGroup;
			children = (
				509D4AAB17EBB2AB00697056 /* AppController.h */,
				509D4AAC17EBB2AB00697056 /* AppController.mm */,
				509D4AAD17EBB2AB00697056 /* Default-568h@2x.png */,
				509D4AAE17EBB2AB00697056 /* Default.png */,
				509D4AAF17EBB2AB00697056 /* Default@2x.png */,
				5091732E17ECDF8A00D62437 /* Icons */,
				509D4AB717EBB2AB00697056 /* Info.plist */,
				509D4AB817EBB2AB00697056 /* main.m */,
				509D4AB917EBB2AB00697056 /* Prefix.pch */,
				509D4ABA17EBB2AB00697056 /* RootViewController.h */,
				509D4ABB17EBB2AB00697056 /* RootViewController.mm */,
			);
			name = ios;
			sourceTree = "<group>";
		};
		D4545214156E28EF00887EB5 /* Classes */ = {
			isa = PBXGroup;
			children = (
				AB2EB9C31D34F41700695C92 /* jsb_anysdk_basic_conversions.cpp */,
				AB2EB9DC1D34F56100695C92 /* jsb_anysdk_basic_conversions.h */,
				AB2EB9C51D34F41700695C92 /* jsb_anysdk_protocols_auto.cpp */,
				AB2EB9DE1D34F56100695C92 /* jsb_anysdk_protocols_auto.hpp */,
				AB2EB9C71D34F41700695C92 /* manualanysdkbindings.cpp */,
				AB2EB9E01D34F56100695C92 /* manualanysdkbindings.hpp */,
				AB2EB9C91D34F41700695C92 /* SDKManager.cpp */,
				AB2EB9E21D34F56100695C92 /* SDKManager.h */,
				D4545215156E28EF00887EB5 /* AppDelegate.cpp */,
				D4545216156E28EF00887EB5 /* AppDelegate.h */,
				377F4530B4BEC0FF7FB5F42B /* PluginAdMobJS.cpp */,
				373C4F949C4819938B280CD4 /* PluginAdMobJS.hpp */,
				79934D97BB5A6C4E30235506 /* PluginAdMobJSHelper.cpp */,
				69E84D5195CC59256E8BC0D0 /* PluginAdMobJSHelper.h */,
				243E4D49B17C482572445F77 /* SDKBoxJSHelper.cpp */,
				500B479983D5C539E84A8DF3 /* SDKBoxJSHelper.h */,
			);
			name = Classes;
			path = ../Classes;
			sourceTree = "<group>";
		};
/* End PBXGroup section */

/* Begin PBXNativeTarget section */
		509D4A7517EBB24E00697056 /* MultiplicationTable-Client-desktop */ = {
			isa = PBXNativeTarget;
			buildConfigurationList = 509D4AA717EBB24E00697056 /* Build configuration list for PBXNativeTarget "MultiplicationTable-Client-desktop" */;
			buildPhases = (
				509D4A8017EBB24E00697056 /* Sources */,
				509D4A9317EBB24E00697056 /* Resources */,
				509D4A8217EBB24E00697056 /* Frameworks */,
			);
			buildRules = (
			);
			dependencies = (
				C037820E18BF77D100FE4F13 /* jsbindings Mac */,
				1A676820180E9BF70076BC67 /* cocos2dx Mac */,
			);
			name = MultiplicationTable-Client-desktop;
			productName = MultiplicationTable-Client;
			productReference = 509D4AAA17EBB24E00697056 /* MultiplicationTable-Client-desktop.app */;
			productType = com.apple.product-type.application;
		};
		A922753C1517C094001B78AA /* MultiplicationTable-Client-mobile */ = {
			isa = PBXNativeTarget;
			buildConfigurationList = A92277001517C097001B78AA /* Build configuration list for PBXNativeTarget "MultiplicationTable-Client-mobile" */;
			buildPhases = (
				A92275391517C094001B78AA /* Sources */,
				A922753A1517C094001B78AA /* Frameworks */,
				A922753B1517C094001B78AA /* Resources */,
			);
			buildRules = (
			);
			dependencies = (
				C037820B18BF77BC00FE4F13 /* jsbindings iOS */,
				1A67682F180E9C110076BC67 /* cocos2dx iOS */,
			);
			name = MultiplicationTable-Client-mobile;
			productName = MultiplicationTable-Client;
			productReference = A922753D1517C094001B78AA /* MultiplicationTable-Client-mobile.app */;
			productType = com.apple.product-type.application;
		};
/* End PBXNativeTarget section */

/* Begin PBXProject section */
		A92275341517C094001B78AA /* Project Object */ = {
			isa = PBXProject;
			attributes = {
				LastUpgradeCheck = 0500;
				TargetAttributes = {
					A922753C1517C094001B78AA = {
						DevelopmentTeam = 3X4UDP6232;
					};
				};
			};
			buildConfigurationList = A92275371517C094001B78AA /* Build configuration list for PBXProject "Unity-iPhone" */;
			compatibilityVersion = "Xcode 3.2";
			developmentRegion = English;
			hasScannedForEncodings = 0;
			knownRegions = (
				en,
			);
			mainGroup = A92275321517C094001B78AA /*  */;
			productRefGroup = A922753E1517C094001B78AA /* Products */;
			projectDirPath = "";
			projectReferences = (
				{
					ProductGroup = C037820218BF76AF00FE4F13 /* Products */;
					ProjectRef = C037820118BF76AF00FE4F13 /* cocos2d_js_bindings.xcodeproj */;
				},
				{
					ProductGroup = 1AC6FB35180E9ACB004C840B /* Products */;
					ProjectRef = 1AC6FB34180E9ACB004C840B /* cocos2d_libs.xcodeproj */;
				},
			);
			projectRoot = "";
			targets = (
				A922753C1517C094001B78AA /* MultiplicationTable-Client-mobile */,
				509D4A7517EBB24E00697056 /* MultiplicationTable-Client-desktop */,
			);
		};
/* End PBXProject section */

/* Begin PBXResourcesBuildPhase section */
		509D4A9317EBB24E00697056 /* Resources */ = {
			isa = PBXResourcesBuildPhase;
			buildActionMask = 2147483647;
			files = (
				1AC22EDE18CA0E11007112B9 /* project.json */,
				1AD7E0A918C9DBE3004817A6 /* main.js */,
				C0799CBA18BAE62000E9C828 /* res */,
				BAF426FC19484B3E002B22EF /* script */,
				509D4ACF17EBB2BE00697056 /* Icon.icns */,
				C03780EC18BEE0E400FE4F13 /* src */,
			);
			runOnlyForDeploymentPostprocessing = 0;
		};
		A922753B1517C094001B78AA /* Resources */ = {
			isa = PBXResourcesBuildPhase;
			buildActionMask = 2147483647;
			files = (
				BAF426FB19484B3E002B22EF /* script */,
				1AE159EC18C9DF3600FCA372 /* project.json */,
				1AD7E0A818C9DB93004817A6 /* main.js */,
				509D4ABE17EBB2AB00697056 /* Default.png */,
				5091731E17ECDF7A00D62437 /* Icon-80.png */,
				5091731F17ECDF7A00D62437 /* Icon-100.png */,
				509D4AC117EBB2AB00697056 /* Icon-72.png */,
				509D4AC017EBB2AB00697056 /* Icon-57.png */,
				5091731A17ECDF7A00D62437 /* Icon-29.png */,
				C03780EB18BEE0E400FE4F13 /* src */,
				509D4AC617EBB2AB00697056 /* Icon-152.png */,
				C0799CB918BAE62000E9C828 /* res */,
				509D4AC517EBB2AB00697056 /* Icon-144.png */,
				509D4AC317EBB2AB00697056 /* Icon-114.png */,
				509D4ABD17EBB2AB00697056 /* Default-568h@2x.png */,
				509D4ABF17EBB2AB00697056 /* Default@2x.png */,
				509D4AC217EBB2AB00697056 /* Icon-76.png */,
				5091731B17ECDF7A00D62437 /* Icon-40.png */,
				5091731C17ECDF7A00D62437 /* Icon-50.png */,
				509D4AC417EBB2AB00697056 /* Icon-120.png */,
				5091731D17ECDF7A00D62437 /* Icon-58.png */,
			);
			runOnlyForDeploymentPostprocessing = 0;
		};
/* End PBXResourcesBuildPhase section */

/* Begin PBXSourcesBuildPhase section */
		509D4A8017EBB24E00697056 /* Sources */ = {
			isa = PBXSourcesBuildPhase;
			buildActionMask = 2147483647;
			files = (
				509D4A8117EBB24E00697056 /* AppDelegate.cpp */,
				C06E23CC18CEFE680093C81A /* main.cpp */,
			);
			runOnlyForDeploymentPostprocessing = 0;
		};
		A92275391517C094001B78AA /* Sources */ = {
			isa = PBXSourcesBuildPhase;
			buildActionMask = 2147483647;
			files = (
				509D4AC917EBB2AB00697056 /* RootViewController.mm */,
				D4545227156E28EF00887EB5 /* AppDelegate.cpp */,
				509D4AC817EBB2AB00697056 /* main.m */,
				509D4ABC17EBB2AB00697056 /* AppController.mm */,
				D4A04B639CDABBC2DF55D370 /* PluginAdMobJS.cpp */,
				9DB54BFFA84788895CF54B00 /* PluginAdMobJSHelper.cpp */,
				DFDC41B19690B48D68585115 /* SDKBoxJSHelper.cpp */,
			);
			runOnlyForDeploymentPostprocessing = 0;
		};
/* End PBXSourcesBuildPhase section */

/* Begin XCBuildConfiguration section */
		509D4AA817EBB24E00697056 /* Debug */ = {
			isa = XCBuildConfiguration;
			buildSettings = {
				ALWAYS_SEARCH_USER_PATHS = YES;
				ARCHS = "$(ARCHS_STANDARD_64_BIT)";
				COMBINE_HIDPI_IMAGES = YES;
				DEAD_CODE_STRIPPING = YES;
				GCC_DYNAMIC_NO_PIC = NO;
				GCC_PRECOMPILE_PREFIX_HEADER = YES;
				GCC_PREFIX_HEADER = mac/Prefix.pch;
				GCC_PREPROCESSOR_DEFINITIONS = (
					CC_TARGET_OS_MAC,
					"$(inherited)",
				);
				GCC_SYMBOLS_PRIVATE_EXTERN = YES;
				HEADER_SEARCH_PATHS = "";
				INFOPLIST_FILE = mac/Info.plist;
				LIBRARY_SEARCH_PATHS = "$(SRCROOT)/../../cocos2d-x/external/mac/libs";
				OTHER_LDFLAGS = "";
				SDKROOT = macosx;
				USER_HEADER_SEARCH_PATHS = "$(inherited) $(SRCROOT)/../../cocos2d-x/cocos/platform/mac $(SRCROOT)/../../cocos2d-x/external/glfw3/include/mac $(SRCROOT)/../../cocos2d-x/external/mac/include/ $(SRCROOT)/../../cocos2d-x/external/mac/include/spidermonkey";
			};
			name = Debug;
		};
		509D4AA917EBB24E00697056 /* Release */ = {
			isa = XCBuildConfiguration;
			buildSettings = {
				ALWAYS_SEARCH_USER_PATHS = YES;
				ARCHS = "$(ARCHS_STANDARD_64_BIT)";
				COMBINE_HIDPI_IMAGES = YES;
				DEAD_CODE_STRIPPING = YES;
				GCC_GENERATE_DEBUGGING_SYMBOLS = NO;
				GCC_PRECOMPILE_PREFIX_HEADER = YES;
				GCC_PREFIX_HEADER = mac/Prefix.pch;
				GCC_PREPROCESSOR_DEFINITIONS = (
					CC_TARGET_OS_MAC,
					"$(inherited)",
				);
				GCC_SYMBOLS_PRIVATE_EXTERN = YES;
				HEADER_SEARCH_PATHS = "";
				INFOPLIST_FILE = mac/Info.plist;
				LIBRARY_SEARCH_PATHS = "$(SRCROOT)/../../cocos2d-x/external/mac/libs";
				OTHER_LDFLAGS = "";
				SDKROOT = macosx;
				USER_HEADER_SEARCH_PATHS = "$(inherited) $(SRCROOT)/../../cocos2d-x/cocos/platform/mac $(SRCROOT)/../../cocos2d-x/external/glfw3/include/mac $(SRCROOT)/../../cocos2d-x/external/mac/include/ $(SRCROOT)/../../cocos2d-x/external/mac/include/spidermonkey";
			};
			name = Release;
		};
		A92276FE1517C097001B78AA /* Debug */ = {
			isa = XCBuildConfiguration;
			buildSettings = {
				CLANG_CXX_LANGUAGE_STANDARD = "c++0x";
				CLANG_CXX_LIBRARY = "libc++";
				COPY_PHASE_STRIP = NO;
				GCC_C_LANGUAGE_STANDARD = c99;
				GCC_OPTIMIZATION_LEVEL = 0;
				GCC_PREPROCESSOR_DEFINITIONS = (
					"COCOS2D_DEBUG=1",
					USE_FILE32API,
					COCOS2D_JAVASCRIPT,
				);
				GCC_SYMBOLS_PRIVATE_EXTERN = NO;
				GCC_WARN_ABOUT_RETURN_TYPE = YES;
				GCC_WARN_UNUSED_VARIABLE = YES;
				HEADER_SEARCH_PATHS = "";
				IPHONEOS_DEPLOYMENT_TARGET = 8.0;
				MACOSX_DEPLOYMENT_TARGET = 10.8;
				ONLY_ACTIVE_ARCH = YES;
				PRODUCT_NAME = "$(TARGET_NAME)";
				USER_HEADER_SEARCH_PATHS = "$(SRCROOT)/../../cocos2d-x $(SRCROOT)/../../cocos2d-x/cocos $(SRCROOT)/../../cocos2d-x/cocos/base $(SRCROOT)/../../cocos2d-x/cocos/physics $(SRCROOT)/../../cocos2d-x/cocos/math/kazmath $(SRCROOT)/../../cocos2d-x/cocos/2d $(SRCROOT)/../../cocos2d-x/cocos/gui $(SRCROOT)/../../cocos2d-x/cocos/network $(SRCROOT)/../../cocos2d-x/cocos/audio/include $(SRCROOT)/../../cocos2d-x/cocos/editor-support $(SRCROOT)/../../cocos2d-x/extensions $(SRCROOT)/../../cocos2d-x/external $(SRCROOT)/../../cocos2d-x/external/chipmunk/include/chipmunk $(SRCROOT)/../../cocos2d-x/cocos/scripting/js-bindings/auto $(SRCROOT)/../../cocos2d-x/cocos/scripting/js-bindings/manual";
			};
			name = Debug;
		};
		A92276FF1517C097001B78AA /* Release */ = {
			isa = XCBuildConfiguration;
			buildSettings = {
				CLANG_CXX_LANGUAGE_STANDARD = "c++0x";
				CLANG_CXX_LIBRARY = "libc++";
				GCC_C_LANGUAGE_STANDARD = c99;
				GCC_PREPROCESSOR_DEFINITIONS = (
					NDEBUG,
					USE_FILE32API,
					COCOS2D_JAVASCRIPT,
				);
				GCC_WARN_ABOUT_RETURN_TYPE = YES;
				GCC_WARN_UNUSED_VARIABLE = YES;
				HEADER_SEARCH_PATHS = "";
				IPHONEOS_DEPLOYMENT_TARGET = 8.0;
				MACOSX_DEPLOYMENT_TARGET = 10.8;
				OTHER_CFLAGS = "-DNS_BLOCK_ASSERTIONS=1";
				PRODUCT_NAME = "$(TARGET_NAME)";
				USER_HEADER_SEARCH_PATHS = "$(SRCROOT)/../../cocos2d-x $(SRCROOT)/../../cocos2d-x/cocos $(SRCROOT)/../../cocos2d-x/cocos/base $(SRCROOT)/../../cocos2d-x/cocos/physics $(SRCROOT)/../../cocos2d-x/cocos/math/kazmath $(SRCROOT)/../../cocos2d-x/cocos/2d $(SRCROOT)/../../cocos2d-x/cocos/gui $(SRCROOT)/../../cocos2d-x/cocos/network $(SRCROOT)/../../cocos2d-x/cocos/audio/include $(SRCROOT)/../../cocos2d-x/cocos/editor-support $(SRCROOT)/../../cocos2d-x/extensions $(SRCROOT)/../../cocos2d-x/external $(SRCROOT)/../../cocos2d-x/external/chipmunk/include/chipmunk $(SRCROOT)/../../cocos2d-x/cocos/scripting/js-bindings/auto $(SRCROOT)/../../cocos2d-x/cocos/scripting/js-bindings/manual";
				VALIDATE_PRODUCT = YES;
			};
			name = Release;
		};
		A92277011517C097001B78AA /* Debug */ = {
			isa = XCBuildConfiguration;
			buildSettings = {
				ALWAYS_SEARCH_USER_PATHS = YES;
				CODE_SIGN_IDENTITY = "iPhone Developer";
				COMPRESS_PNG_FILES = NO;
				DEVELOPMENT_TEAM = 3X4UDP6232;
				ENABLE_BITCODE = NO;
				FRAMEWORK_SEARCH_PATHS = (
					"\"$(SRCROOT)\"",
				);
				GCC_DYNAMIC_NO_PIC = NO;
				GCC_GENERATE_DEBUGGING_SYMBOLS = YES;
				GCC_PRECOMPILE_PREFIX_HEADER = YES;
				GCC_PREFIX_HEADER = ios/Prefix.pch;
				GCC_PREPROCESSOR_DEFINITIONS = (
					CC_TARGET_OS_IPHONE,
					"$(inherited)",
					PACKAGE_AS_PLACEHOLDER,
				);
				GCC_SYMBOLS_PRIVATE_EXTERN = YES;
				HEADER_SEARCH_PATHS = "";
				INFOPLIST_FILE = ios/Info.plist;
				IPHONEOS_DEPLOYMENT_TARGET = 8.0;
				LIBRARY_SEARCH_PATHS = (
					"$(SRCROOT)/../../cocos2d-x/external/ios/libs",
					"\"sdkbox.framework\"",
					"\"PluginAdMob.framework\"",
					"\"GoogleMobileAds.framework\"",
				);
				OTHER_CFLAGS = (
					-DSDKBOX_ENABLED,
					-DSDKBOX_COCOS_CREATOR,
				);
				OTHER_LDFLAGS = -ObjC;
				SDKROOT = iphoneos;
				STRIP_PNG_TEXT = NO;
				TARGETED_DEVICE_FAMILY = "1,2";
				USER_HEADER_SEARCH_PATHS = "$(inherited) $(SRCROOT)/../../cocos2d-x/cocos/platform/ios $(SRCROOT)/../../cocos2d-x/plugin/jsbindings/auto $(SRCROOT)/../../cocos2d-x/plugin/jsbindings/manual $(SRCROOT)/../../cocos2d-x/external/ios/include $(SRCROOT)/../../cocos2d-x/external/ios/include/spidermonkey $(SRCROOT)/../../cocos2d-x/external/ios/include/anysdk";
				VALID_ARCHS = "arm64 armv7";
			};
			name = Debug;
		};
		A92277021517C097001B78AA /* Release */ = {
			isa = XCBuildConfiguration;
			buildSettings = {
				ALWAYS_SEARCH_USER_PATHS = YES;
				CODE_SIGN_IDENTITY = "iPhone Developer";
				COMPRESS_PNG_FILES = NO;
				DEVELOPMENT_TEAM = 3X4UDP6232;
				ENABLE_BITCODE = NO;
				FRAMEWORK_SEARCH_PATHS = (
					"\"$(SRCROOT)\"",
				);
				GCC_GENERATE_DEBUGGING_SYMBOLS = NO;
				GCC_PRECOMPILE_PREFIX_HEADER = YES;
				GCC_PREFIX_HEADER = ios/Prefix.pch;
				GCC_PREPROCESSOR_DEFINITIONS = (
					CC_TARGET_OS_IPHONE,
					"$(inherited)",
					PACKAGE_AS_PLACEHOLDER,
				);
				GCC_SYMBOLS_PRIVATE_EXTERN = YES;
				HEADER_SEARCH_PATHS = "";
				INFOPLIST_FILE = ios/Info.plist;
				IPHONEOS_DEPLOYMENT_TARGET = 8.0;
				LIBRARY_SEARCH_PATHS = (
					"$(SRCROOT)/../../cocos2d-x/external/ios/libs",
					"\"sdkbox.framework\"",
					"\"PluginAdMob.framework\"",
					"\"GoogleMobileAds.framework\"",
				);
				OTHER_CFLAGS = (
					-DSDKBOX_ENABLED,
					-DSDKBOX_COCOS_CREATOR,
				);
				OTHER_LDFLAGS = -ObjC;
				SDKROOT = iphoneos;
				STRIP_PNG_TEXT = NO;
				TARGETED_DEVICE_FAMILY = "1,2";
				USER_HEADER_SEARCH_PATHS = "$(inherited) $(SRCROOT)/../../cocos2d-x/cocos/platform/ios $(SRCROOT)/../../cocos2d-x/plugin/jsbindings/auto $(SRCROOT)/../../cocos2d-x/plugin/jsbindings/manual $(SRCROOT)/../../cocos2d-x/external/ios/include $(SRCROOT)/../../cocos2d-x/external/ios/include/spidermonkey $(SRCROOT)/../../cocos2d-x/external/ios/include/anysdk";
				VALID_ARCHS = "arm64 armv7";
			};
			name = Release;
		};
/* End XCBuildConfiguration section */

/* Begin XCConfigurationList section */
		509D4AA717EBB24E00697056 /* Build configuration list for PBXNativeTarget "MultiplicationTable-Client-desktop" */ = {
			isa = XCConfigurationList;
			buildConfigurations = (
				509D4AA817EBB24E00697056 /* Debug */,
				509D4AA917EBB24E00697056 /* Release */,
			);
			defaultConfigurationIsVisible = 0;
			defaultConfigurationName = Release;
		};
		A92275371517C094001B78AA /* Build configuration list for PBXProject "Unity-iPhone" */ = {
			isa = XCConfigurationList;
			buildConfigurations = (
				A92276FE1517C097001B78AA /* Debug */,
				A92276FF1517C097001B78AA /* Release */,
			);
			defaultConfigurationIsVisible = 0;
			defaultConfigurationName = Release;
		};
		A92277001517C097001B78AA /* Build configuration list for PBXNativeTarget "MultiplicationTable-Client-mobile" */ = {
			isa = XCConfigurationList;
			buildConfigurations = (
				A92277011517C097001B78AA /* Debug */,
				A92277021517C097001B78AA /* Release */,
			);
			defaultConfigurationIsVisible = 0;
			defaultConfigurationName = Release;
		};
/* End XCConfigurationList section */

/* Begin PBXTargetDependency section */
		1A676820180E9BF70076BC67 /* cocos2dx Mac */ = {
			isa = PBXTargetDependency;
			name = "cocos2dx Mac";
			targetProxy = 1A67681F180E9BF70076BC67 /* Containe */;
		};
		1A67682F180E9C110076BC67 /* cocos2dx iOS */ = {
			isa = PBXTargetDependency;
			name = "cocos2dx iOS";
			targetProxy = 1A67682E180E9C110076BC67 /* Containe */;
		};
		C037820B18BF77BC00FE4F13 /* jsbindings iOS */ = {
			isa = PBXTargetDependency;
			name = "jsbindings iOS";
			targetProxy = C037820A18BF77BC00FE4F13 /* Containe */;
		};
		C037820E18BF77D100FE4F13 /* jsbindings Mac */ = {
			isa = PBXTargetDependency;
			name = "jsbindings Mac";
			targetProxy = C037820D18BF77D100FE4F13 /* Containe */;
		};
/* End PBXTargetDependency section */

/* Begin PBXReferenceProxy section */
		1AC6FB48180E9ACB004C840B /* libcocos2d Mac.a */ = {
			isa = PBXReferenceProxy;
			fileType = archive.ar;
			path = "libcocos2d Mac.a";
			remoteRef = 1AC6FB47180E9ACB004C840B /* Containe */;
			sourceTree = BUILT_PRODUCTS_DIR;
		};
		1AC6FB56180E9ACB004C840B /* libcocos2d iOS.a */ = {
			isa = PBXReferenceProxy;
			fileType = archive.ar;
			path = "libcocos2d iOS.a";
			remoteRef = 1AC6FB55180E9ACB004C840B /* Containe */;
			sourceTree = BUILT_PRODUCTS_DIR;
		};
		C037820718BF76AF00FE4F13 /* libjscocos2d Mac.a */ = {
			isa = PBXReferenceProxy;
			fileType = archive.ar;
			path = "libjscocos2d Mac.a";
			remoteRef = C037820618BF76AF00FE4F13 /* Containe */;
			sourceTree = BUILT_PRODUCTS_DIR;
		};
		C037820918BF76AF00FE4F13 /* libjscocos2d iOS.a */ = {
			isa = PBXReferenceProxy;
			fileType = archive.ar;
			path = "libjscocos2d iOS.a";
			remoteRef = C037820818BF76AF00FE4F13 /* Containe */;
			sourceTree = BUILT_PRODUCTS_DIR;
		};
/* End PBXReferenceProxy section */

/* Begin PBXContainerItemProxy section */
		1A67681F180E9BF70076BC67 /* Containe */ = {
			isa = PBXContainerItemProxy;
			containerPortal = 1AC6FB34180E9ACB004C840B /* cocos2d_libs.xcodeproj */;
			proxyType = 1;
			remoteGlobalIDString = 1551A33E158F2AB200E66CFE;
			remoteInfo = "cocos2dx Mac";
		};
		1A67682E180E9C110076BC67 /* Containe */ = {
			isa = PBXContainerItemProxy;
			containerPortal = 1AC6FB34180E9ACB004C840B /* cocos2d_libs.xcodeproj */;
			proxyType = 1;
			remoteGlobalIDString = A07A4C241783777C0073F6A7;
			remoteInfo = "cocos2dx iOS";
		};
		1AC6FB47180E9ACB004C840B /* Containe */ = {
			isa = PBXContainerItemProxy;
			containerPortal = 1AC6FB34180E9ACB004C840B /* cocos2d_libs.xcodeproj */;
			proxyType = 2;
			remoteGlobalIDString = 1551A33F158F2AB200E66CFE;
			remoteInfo = "cocos2dx Mac";
		};
		1AC6FB55180E9ACB004C840B /* Containe */ = {
			isa = PBXContainerItemProxy;
			containerPortal = 1AC6FB34180E9ACB004C840B /* cocos2d_libs.xcodeproj */;
			proxyType = 2;
			remoteGlobalIDString = A07A4D641783777C0073F6A7;
			remoteInfo = "cocos2dx iOS";
		};
		C037820618BF76AF00FE4F13 /* Containe */ = {
			isa = PBXContainerItemProxy;
			containerPortal = C037820118BF76AF00FE4F13 /* cocos2d_js_bindings.xcodeproj */;
			proxyType = 2;
			remoteGlobalIDString = 1A5410A418B785A10016A3AF;
			remoteInfo = "jsbindings Mac";
		};
		C037820818BF76AF00FE4F13 /* Containe */ = {
			isa = PBXContainerItemProxy;
			containerPortal = C037820118BF76AF00FE4F13 /* cocos2d_js_bindings.xcodeproj */;
			proxyType = 2;
			remoteGlobalIDString = 1A5410A518B785A10016A3AF;
			remoteInfo = "jsbindings iOS";
		};
		C037820A18BF77BC00FE4F13 /* Containe */ = {
			isa = PBXContainerItemProxy;
			containerPortal = C037820118BF76AF00FE4F13 /* cocos2d_js_bindings.xcodeproj */;
			proxyType = 1;
			remoteGlobalIDString = A07A4FB5178387750073F6A7;
			remoteInfo = "jsbindings iOS";
		};
		C037820D18BF77D100FE4F13 /* Containe */ = {
			isa = PBXContainerItemProxy;
			containerPortal = C037820118BF76AF00FE4F13 /* cocos2d_js_bindings.xcodeproj */;
			proxyType = 1;
			remoteGlobalIDString = A03F31E81781479B006731B9;
			remoteInfo = "jsbindings Mac";
		};
/* End PBXContainerItemProxy section */
	};
	rootObject = A92275341517C094001B78AA /* Project Object */;
}